{
  "version": 1,
  "dependencies": {
    "net10.0-windows7.0": {
      "ZXing.Net": {
        "type": "Direct",
        "requested": "[0.16.11, )",
        "resolved": "0.16.11",
        "contentHash": "OZfAVu88hl87BffQ+rlWCj/vLvAhhCK4QnFaoveeF/MY8SjHNSYBQ3qyUEWlPKNgBQGh1syXhCDg10vUnCsqkg=="
      },
      "Microsoft.ML.OnnxRuntime": {
        "type": "Transitive",
        "resolved": "1.24.2",
        "contentHash": "BciFVPzmPP+RNbBcCXVUhuXjrPlj0CZxVGShP3EThxrnDMmEx9QoYntAcnaOLN8uPacHb8uVyGBWMOn/MgSKLw==",
        "dependencies": {
          "Microsoft.ML.OnnxRuntime.Managed": "1.24.2"
        }
      },
      "Microsoft.ML.OnnxRuntime.Managed": {
        "type": "Transitive",
        "resolved": "1.24.2",
        "contentHash": "QO+BKceFIsz+p3loUgPjjDZ/pGN/e8NnEvD9wZoIXt01ZIJ0WK83OLcbZ6HjGGY/M3hioXSnxiiEd59oDJUDkQ==",
        "dependencies": {
          "System.Numerics.Tensors": "9.0.0"
        }
      },
      "System.Numerics.Tensors": {
        "type": "Transitive",
        "resolved": "9.0.0",
        "contentHash": "hyJB4UlpAi19Xr9AXzu2NuagKC4lPfHObNMEAA0HmqFz2rX7wKgzeYzO/jM/eBHDhnUGFFEjk5cOoJaxqg5J4A=="
      },
      "donottype.core": {
        "type": "Project",
        "dependencies": {
          "Microsoft.ML.OnnxRuntime": "[1.24.2, )"
        }
      }
    }
  }
}