{
  "version": 1,
  "dependencies": {
    "net10.0-windows7.0": {
      "ZXing.Net": {
        "type": "Direct",
        "requested": "[0.16.11, )",
        "resolved": "0.16.11",
        "contentHash": "OZfAVu88hl87BffQ+rlWCj/vLvAhhCK4QnFaoveeF/MY8SjHNSYBQ3qyUEWlPKNgBQGh1syXhCDg10vUnCsqkg=="
      },
      "Microsoft.ML.OnnxRuntime": {
        "type": "Transitive",
        "resolved": "1.29.0",
        "contentHash": "bUO3Ryc42UVkDGByBIYU9/ogRURGHeMOEq96LMWnDBVMQGZpIahBhPRCeu+Qq6+EJh/dfxzFJBKZa0/+yMmpWQ==",
        "dependencies": {
          "Microsoft.ML.OnnxRuntime.Managed": "1.29.0"
        }
      },
      "Microsoft.ML.OnnxRuntime.Managed": {
        "type": "Transitive",
        "resolved": "1.29.0",
        "contentHash": "jLy5PtzvRQCBFOczzfRY7zpuMVUyLwjO0Jsdd8MBZdmnPIqx5vW9cYDNyCqkrYpwkof8GlqBVaEUMWrMWRtvuw==",
        "dependencies": {
          "System.Numerics.Tensors": "9.0.0"
        }
      },
      "System.Numerics.Tensors": {
        "type": "Transitive",
        "resolved": "9.0.0",
        "contentHash": "hyJB4UlpAi19Xr9AXzu2NuagKC4lPfHObNMEAA0HmqFz2rX7wKgzeYzO/jM/eBHDhnUGFFEjk5cOoJaxqg5J4A=="
      },
      "donottype.core": {
        "type": "Project",
        "dependencies": {
          "Microsoft.ML.OnnxRuntime": "[1.29.0, )"
        }
      }
    },
    "net10.0-windows7.0/win-x64": {
      "Microsoft.ML.OnnxRuntime": {
        "type": "Transitive",
        "resolved": "1.29.0",
        "contentHash": "bUO3Ryc42UVkDGByBIYU9/ogRURGHeMOEq96LMWnDBVMQGZpIahBhPRCeu+Qq6+EJh/dfxzFJBKZa0/+yMmpWQ==",
        "dependencies": {
          "Microsoft.ML.OnnxRuntime.Managed": "1.29.0"
        }
      }
    }
  }
}